
Microsoft Visual Studio Solution File, Format Version 12.00
# Visual Studio Version 16
VisualStudioVersion = 16.0.31205.134
MinimumVisualStudioVersion = 10.0.40219.1
Project("{8BC9CEB8-8B4A-11D0-8D11-00A0C91BC942}") = "OpenGLTutorial", "OpenGLTutorial\OpenGLTutorial.vcxproj", "{FDC393C8-C663-4CA0-81E1-327EAB39DD10}"
EndProject
Global
	GlobalSection(SolutionConfigurationPlatforms) = preSolution
		Debug|x64 = Debug|x64
		Debug|x86 = Debug|x86
		Release|x64 = Release|x64
		Release|x86 = Release|x86
	EndGlobalSection
	GlobalSection(ProjectConfigurationPlatforms) = postSolution
		{FDC393C8-C663-4CA0-81E1-327EAB39DD10}.Debug|x64.ActiveCfg = Debug|x64
		{FDC393C8-C663-4CA0-81E1-327EAB39DD10}.Debug|x64.Build.0 = Debug|x64
		{FDC393C8-C663-4CA0-81E1-327EAB39DD10}.Debug|x86.ActiveCfg = Debug|Win32
		{FDC393C8-C663-4CA0-81E1-327EAB39DD10}.Debug|x86.Build.0 = Debug|Win32
		{FDC393C8-C663-4CA0-81E1-327EAB39DD10}.Release|x64.ActiveCfg = Release|x64
		{FDC393C8-C663-4CA0-81E1-327EAB39DD10}.Release|x64.Build.0 = Release|x64
		{FDC393C8-C663-4CA0-81E1-327EAB39DD10}.Release|x86.ActiveCfg = Release|Win32
		{FDC393C8-C663-4CA0-81E1-327EAB39DD10}.Release|x86.Build.0 = Release|Win32
	EndGlobalSection
	GlobalSection(SolutionProperties) = preSolution
		HideSolutionNode = FALSE
	EndGlobalSection
	GlobalSection(ExtensibilityGlobals) = postSolution
		SolutionGuid = {AFDD297D-CDB6-4238-B101-EBF95ABCA30F}
	EndGlobalSection
EndGlobal
